
Microsoft Visual Studio Solution File, Format Version 12.00
# Visual Studio 15
VisualStudioVersion = 15.0.28307.757
MinimumVisualStudioVersion = 10.0.40219.1
Project("{FAE04EC0-301F-11D3-BF4B-00C04F79EFBC}") = "AppLeerInputsProd", "AppLeerInputsProd\AppLeerInputsProd.csproj", "{C56204B5-C1E5-4FC2-A97E-D1A64183AA0A}"
EndProject
Global
	GlobalSection(SolutionConfigurationPlatforms) = preSolution
		Debug|Any CPU = Debug|Any CPU
		Release|Any CPU = Release|Any CPU
	EndGlobalSection
	GlobalSection(ProjectConfigurationPlatforms) = postSolution
		{C56204B5-C1E5-4FC2-A97E-D1A64183AA0A}.Debug|Any CPU.ActiveCfg = Debug|Any CPU
		{C56204B5-C1E5-4FC2-A97E-D1A64183AA0A}.Debug|Any CPU.Build.0 = Debug|Any CPU
		{C56204B5-C1E5-4FC2-A97E-D1A64183AA0A}.Release|Any CPU.ActiveCfg = Release|Any CPU
		{C56204B5-C1E5-4FC2-A97E-D1A64183AA0A}.Release|Any CPU.Build.0 = Release|Any CPU
	EndGlobalSection
	GlobalSection(SolutionProperties) = preSolution
		HideSolutionNode = FALSE
	EndGlobalSection
	GlobalSection(ExtensibilityGlobals) = postSolution
		SolutionGuid = {35412A3F-AF46-4274-8F90-414626C05BF8}
	EndGlobalSection
EndGlobal
